
Microsoft Visual Studio Solution File, Format Version 12.00
# Visual Studio Version 17
VisualStudioVersion = 17.7.34003.232
MinimumVisualStudioVersion = 10.0.40219.1
Project("{9A19103F-16F7-4668-BE54-9A1E7A4F7556}") = "JAKE.classlibrary", "JAKE.classlibrary\JAKE.classlibrary.csproj", "{A9D7057B-6EB1-4274-AD19-7264BDA94432}"
EndProject
Project("{9A19103F-16F7-4668-BE54-9A1E7A4F7556}") = "JAKE.client", "Client\JAKE.client.csproj", "{E7F48FB2-1C48-4E62-89F0-31F0A3E374B8}"
EndProject
Project("{9A19103F-16F7-4668-BE54-9A1E7A4F7556}") = "Server", "Server\Server.csproj", "{310B240A-2910-4E18-82DE-D2074F595DC3}"
EndProject
Project("{9A19103F-16F7-4668-BE54-9A1E7A4F7556}") = "Class library tests", "Class library tests\Class library tests.csproj", "{3FB9A332-B343-48D2-969D-EDE4CF0E7762}"
EndProject
Project("{9A19103F-16F7-4668-BE54-9A1E7A4F7556}") = "Server tests", "Server tests\Server tests.csproj", "{AF6BB8A2-25F3-45E6-8FCE-977D306C3820}"
EndProject
Project("{9A19103F-16F7-4668-BE54-9A1E7A4F7556}") = "Client tests", "Client tests\Client tests.csproj", "{0A390C4C-A57A-4842-B208-E68002C4E566}"
EndProject
Global
	GlobalSection(SolutionConfigurationPlatforms) = preSolution
		Debug|Any CPU = Debug|Any CPU
		Release|Any CPU = Release|Any CPU
	EndGlobalSection
	GlobalSection(ProjectConfigurationPlatforms) = postSolution
		{A9D7057B-6EB1-4274-AD19-7264BDA94432}.Debug|Any CPU.ActiveCfg = Debug|Any CPU
		{A9D7057B-6EB1-4274-AD19-7264BDA94432}.Debug|Any CPU.Build.0 = Debug|Any CPU
		{A9D7057B-6EB1-4274-AD19-7264BDA94432}.Release|Any CPU.ActiveCfg = Release|Any CPU
		{A9D7057B-6EB1-4274-AD19-7264BDA94432}.Release|Any CPU.Build.0 = Release|Any CPU
		{E7F48FB2-1C48-4E62-89F0-31F0A3E374B8}.Debug|Any CPU.ActiveCfg = Debug|Any CPU
		{E7F48FB2-1C48-4E62-89F0-31F0A3E374B8}.Debug|Any CPU.Build.0 = Debug|Any CPU
		{E7F48FB2-1C48-4E62-89F0-31F0A3E374B8}.Release|Any CPU.ActiveCfg = Release|Any CPU
		{E7F48FB2-1C48-4E62-89F0-31F0A3E374B8}.Release|Any CPU.Build.0 = Release|Any CPU
		{310B240A-2910-4E18-82DE-D2074F595DC3}.Debug|Any CPU.ActiveCfg = Debug|Any CPU
		{310B240A-2910-4E18-82DE-D2074F595DC3}.Debug|Any CPU.Build.0 = Debug|Any CPU
		{310B240A-2910-4E18-82DE-D2074F595DC3}.Release|Any CPU.ActiveCfg = Release|Any CPU
		{310B240A-2910-4E18-82DE-D2074F595DC3}.Release|Any CPU.Build.0 = Release|Any CPU
		{3FB9A332-B343-48D2-969D-EDE4CF0E7762}.Debug|Any CPU.ActiveCfg = Debug|Any CPU
		{3FB9A332-B343-48D2-969D-EDE4CF0E7762}.Debug|Any CPU.Build.0 = Debug|Any CPU
		{3FB9A332-B343-48D2-969D-EDE4CF0E7762}.Release|Any CPU.ActiveCfg = Release|Any CPU
		{3FB9A332-B343-48D2-969D-EDE4CF0E7762}.Release|Any CPU.Build.0 = Release|Any CPU
		{AF6BB8A2-25F3-45E6-8FCE-977D306C3820}.Debug|Any CPU.ActiveCfg = Debug|Any CPU
		{AF6BB8A2-25F3-45E6-8FCE-977D306C3820}.Debug|Any CPU.Build.0 = Debug|Any CPU
		{AF6BB8A2-25F3-45E6-8FCE-977D306C3820}.Release|Any CPU.ActiveCfg = Release|Any CPU
		{AF6BB8A2-25F3-45E6-8FCE-977D306C3820}.Release|Any CPU.Build.0 = Release|Any CPU
		{0A390C4C-A57A-4842-B208-E68002C4E566}.Debug|Any CPU.ActiveCfg = Debug|Any CPU
		{0A390C4C-A57A-4842-B208-E68002C4E566}.Debug|Any CPU.Build.0 = Debug|Any CPU
		{0A390C4C-A57A-4842-B208-E68002C4E566}.Release|Any CPU.ActiveCfg = Release|Any CPU
		{0A390C4C-A57A-4842-B208-E68002C4E566}.Release|Any CPU.Build.0 = Release|Any CPU
	EndGlobalSection
	GlobalSection(SolutionProperties) = preSolution
		HideSolutionNode = FALSE
	EndGlobalSection
	GlobalSection(ExtensibilityGlobals) = postSolution
		SolutionGuid = {7023D26D-5273-450E-903B-0FC04ABE6B9A}
	EndGlobalSection
EndGlobal
