
Microsoft Visual Studio Solution File, Format Version 12.00
# Visual Studio Version 17
VisualStudioVersion = 17.7.34003.232
MinimumVisualStudioVersion = 10.0.40219.1
Project("{9A19103F-16F7-4668-BE54-9A1E7A4F7556}") = "JAKE.server", "JAKE.server\JAKE.server.csproj", "{7F12444B-419E-432C-A418-931E7445B260}"
EndProject
Project("{9A19103F-16F7-4668-BE54-9A1E7A4F7556}") = "JAKE.classlibrary", "JAKE.classlibrary\JAKE.classlibrary.csproj", "{A9D7057B-6EB1-4274-AD19-7264BDA94432}"
EndProject
Project("{9A19103F-16F7-4668-BE54-9A1E7A4F7556}") = "JAKE.client", "Client\JAKE.client.csproj", "{E7F48FB2-1C48-4E62-89F0-31F0A3E374B8}"
EndProject
Project("{FAE04EC0-301F-11D3-BF4B-00C04F79EFBC}") = "Server", "nunx\Server.csproj", "{2A363AA6-5CB3-4137-8159-8D9CEB3875A4}"
	ProjectSection(ProjectDependencies) = postProject
		{A9D7057B-6EB1-4274-AD19-7264BDA94432} = {A9D7057B-6EB1-4274-AD19-7264BDA94432}
	EndProjectSection
EndProject
Global
	GlobalSection(SolutionConfigurationPlatforms) = preSolution
		Debug|Any CPU = Debug|Any CPU
		Release|Any CPU = Release|Any CPU
	EndGlobalSection
	GlobalSection(ProjectConfigurationPlatforms) = postSolution
		{7F12444B-419E-432C-A418-931E7445B260}.Debug|Any CPU.ActiveCfg = Debug|Any CPU
		{7F12444B-419E-432C-A418-931E7445B260}.Debug|Any CPU.Build.0 = Debug|Any CPU
		{7F12444B-419E-432C-A418-931E7445B260}.Release|Any CPU.ActiveCfg = Release|Any CPU
		{7F12444B-419E-432C-A418-931E7445B260}.Release|Any CPU.Build.0 = Release|Any CPU
		{A9D7057B-6EB1-4274-AD19-7264BDA94432}.Debug|Any CPU.ActiveCfg = Debug|Any CPU
		{A9D7057B-6EB1-4274-AD19-7264BDA94432}.Debug|Any CPU.Build.0 = Debug|Any CPU
		{A9D7057B-6EB1-4274-AD19-7264BDA94432}.Release|Any CPU.ActiveCfg = Release|Any CPU
		{A9D7057B-6EB1-4274-AD19-7264BDA94432}.Release|Any CPU.Build.0 = Release|Any CPU
		{E7F48FB2-1C48-4E62-89F0-31F0A3E374B8}.Debug|Any CPU.ActiveCfg = Debug|Any CPU
		{E7F48FB2-1C48-4E62-89F0-31F0A3E374B8}.Debug|Any CPU.Build.0 = Debug|Any CPU
		{E7F48FB2-1C48-4E62-89F0-31F0A3E374B8}.Release|Any CPU.ActiveCfg = Release|Any CPU
		{E7F48FB2-1C48-4E62-89F0-31F0A3E374B8}.Release|Any CPU.Build.0 = Release|Any CPU
		{2A363AA6-5CB3-4137-8159-8D9CEB3875A4}.Debug|Any CPU.ActiveCfg = Debug|Any CPU
		{2A363AA6-5CB3-4137-8159-8D9CEB3875A4}.Debug|Any CPU.Build.0 = Debug|Any CPU
		{2A363AA6-5CB3-4137-8159-8D9CEB3875A4}.Release|Any CPU.ActiveCfg = Release|Any CPU
		{2A363AA6-5CB3-4137-8159-8D9CEB3875A4}.Release|Any CPU.Build.0 = Release|Any CPU
	EndGlobalSection
	GlobalSection(SolutionProperties) = preSolution
		HideSolutionNode = FALSE
	EndGlobalSection
	GlobalSection(ExtensibilityGlobals) = postSolution
		SolutionGuid = {7023D26D-5273-450E-903B-0FC04ABE6B9A}
	EndGlobalSection
EndGlobal
